{
    "_readme": [
        "This file locks the dependencies of your project to a known state",
        "Read more about it at https://getcomposer.org/doc/01-basic-usage.md#installing-dependencies",
        "This file is @generated automatically"
    ],
    "content-hash": "b16fcc9691769659a7f52f0ce3e2d839",
    "packages": [
        {
            "name": "hhvm/hhvm-autoload",
            "version": "v2.0.6",
            "source": {
                "type": "git",
                "url": "https://github.com/hhvm/hhvm-autoload.git",
                "reference": "4f510960e71adcad661c33ae355d0d9670d9c805"
            },
            "dist": {
                "type": "zip",
                "url": "https://api.github.com/repos/hhvm/hhvm-autoload/zipball/4f510960e71adcad661c33ae355d0d9670d9c805",
                "reference": "4f510960e71adcad661c33ae355d0d9670d9c805",
                "shasum": ""
            },
            "require": {
                "composer-plugin-api": "^1.0",
                "hhvm": "^4.0",
                "hhvm/hsl": "^4.0"
            },
            "replace": {
                "facebook/hhvm-autoload": "1.*"
            },
            "require-dev": {
                "facebook/fbexpect": "^2.1",
                "hhvm/hacktest": "^1.0"
            },
            "bin": [
                "bin/hh-autoload",
                "bin/hh-autoload.hack"
            ],
            "type": "composer-plugin",
            "extra": {
                "class": [
                    "Facebook\\AutoloadMap\\ComposerPlugin"
                ],
                "branch-alias": {
                    "dev-master": "2.x-dev"
                }
            },
            "autoload": {
                "classmap": [
                    "src/ComposerPlugin.php"
                ]
            },
            "notification-url": "https://packagist.org/downloads/",
            "time": "2019-03-26T17:57:44+00:00"
        },
        {
            "name": "hhvm/hsl",
            "version": "v4.1.0",
            "source": {
                "type": "git",
                "url": "https://github.com/hhvm/hsl.git",
                "reference": "2c115dbd4460fa922f041c0887b824280b586d4d"
            },
            "dist": {
                "type": "zip",
                "url": "https://api.github.com/repos/hhvm/hsl/zipball/2c115dbd4460fa922f041c0887b824280b586d4d",
                "reference": "2c115dbd4460fa922f041c0887b824280b586d4d",
                "shasum": ""
            },
            "require": {
                "hhvm": "^4.1"
            },
            "require-dev": {
                "facebook/fbexpect": "^2.5.1",
                "hhvm/hacktest": "^1.0",
                "hhvm/hhvm-autoload": "^2.0"
            },
            "type": "library",
            "extra": {
                "branch-alias": {
                    "dev-master": "4.x-dev"
                }
            },
            "notification-url": "https://packagist.org/downloads/",
            "license": [
                "MIT"
            ],
            "description": "The Hack Standard Library",
            "time": "2019-04-09T19:09:37+00:00"
        }
    ],
    "packages-dev": [
        {
            "name": "facebook/difflib",
            "version": "v1.1.1",
            "source": {
                "type": "git",
                "url": "https://github.com/hhvm/difflib.git",
                "reference": "545adb5da05d342dad1bc45b75f6fb95aab3de4a"
            },
            "dist": {
                "type": "zip",
                "url": "https://api.github.com/repos/hhvm/difflib/zipball/545adb5da05d342dad1bc45b75f6fb95aab3de4a",
                "reference": "545adb5da05d342dad1bc45b75f6fb95aab3de4a",
                "shasum": ""
            },
            "require": {
                "hhvm/hsl": "^4.0"
            },
            "require-dev": {
                "facebook/fbexpect": "^2.1.2",
                "hhvm/hacktest": "^1.0",
                "hhvm/hhast": "^4.0",
                "hhvm/hhvm-autoload": "^2.0"
            },
            "type": "library",
            "extra": {
                "branch-alias": {
                    "dev-master": "1.x-dev"
                }
            },
            "notification-url": "https://packagist.org/downloads/",
            "license": [
                "MIT"
            ],
            "time": "2019-03-22T23:29:07+00:00"
        },
        {
            "name": "facebook/fbexpect",
            "version": "v2.5.6",
            "source": {
                "type": "git",
                "url": "https://github.com/hhvm/fbexpect.git",
                "reference": "56c0b9a3473933af2056c795e4c2378f5af95529"
            },
            "dist": {
                "type": "zip",
                "url": "https://api.github.com/repos/hhvm/fbexpect/zipball/56c0b9a3473933af2056c795e4c2378f5af95529",
                "reference": "56c0b9a3473933af2056c795e4c2378f5af95529",
                "shasum": ""
            },
            "require": {
                "facebook/difflib": "^1.0.0",
                "hhvm": "^4.0",
                "hhvm/hacktest": "^1.0",
                "hhvm/hsl": "^4.0"
            },
            "require-dev": {
                "hhvm/hhast": "^4.1",
                "hhvm/hhvm-autoload": "^2.0"
            },
            "type": "library",
            "notification-url": "https://packagist.org/downloads/",
            "license": [
                "MIT"
            ],
            "description": "Unit test helpers for Facebook projects",
            "time": "2019-03-22T20:12:49+00:00"
        },
        {
            "name": "facebook/hh-clilib",
            "version": "v2.1.1",
            "source": {
                "type": "git",
                "url": "https://github.com/hhvm/hh-clilib.git",
                "reference": "9d6b1a8686951da24ab68ffeba25ae85d1788408"
            },
            "dist": {
                "type": "zip",
                "url": "https://api.github.com/repos/hhvm/hh-clilib/zipball/9d6b1a8686951da24ab68ffeba25ae85d1788408",
                "reference": "9d6b1a8686951da24ab68ffeba25ae85d1788408",
                "shasum": ""
            },
            "require": {
                "hhvm/hsl": "^4.0",
                "hhvm/hsl-experimental": "^4.0",
                "hhvm/type-assert": "^3.2"
            },
            "require-dev": {
                "facebook/fbexpect": "^2.1.0",
                "hhvm/hacktest": "^1.0.0",
                "hhvm/hhast": "^4.0.2"
            },
            "type": "library",
            "extra": {
                "branch-alias": {
                    "dev-master": "2.x-dev"
                }
            },
            "notification-url": "https://packagist.org/downloads/",
            "license": [
                "MIT"
            ],
            "time": "2019-03-26T18:31:27+00:00"
        },
        {
            "name": "hhvm/hacktest",
            "version": "v1.5.1",
            "source": {
                "type": "git",
                "url": "https://github.com/hhvm/hacktest.git",
                "reference": "365a7de745546ae50150e846c83054294af31d80"
            },
            "dist": {
                "type": "zip",
                "url": "https://api.github.com/repos/hhvm/hacktest/zipball/365a7de745546ae50150e846c83054294af31d80",
                "reference": "365a7de745546ae50150e846c83054294af31d80",
                "shasum": ""
            },
            "require": {
                "facebook/hh-clilib": "^2.0.0",
                "hhvm": "^4.0",
                "hhvm/hhvm-autoload": "^2.0.2",
                "hhvm/hsl": "^4.0",
                "hhvm/type-assert": "^3.2"
            },
            "require-dev": {
                "facebook/fbexpect": "^2.3.0",
                "hhvm/hhast": "^4.0"
            },
            "bin": [
                "bin/hacktest",
                "bin/hacktest.hack"
            ],
            "type": "library",
            "extra": {
                "branch-alias": {
                    "dev-master": "1.x-dev"
                }
            },
            "notification-url": "https://packagist.org/downloads/",
            "license": [
                "MIT"
            ],
            "description": "The Hack Test Library",
            "time": "2019-04-08T17:30:33+00:00"
        },
        {
            "name": "hhvm/hhast",
            "version": "v4.1.3",
            "source": {
                "type": "git",
                "url": "https://github.com/hhvm/hhast.git",
                "reference": "4732205067e506c8606ba9bc49b57370310d787b"
            },
            "dist": {
                "type": "zip",
                "url": "https://api.github.com/repos/hhvm/hhast/zipball/4732205067e506c8606ba9bc49b57370310d787b",
                "reference": "4732205067e506c8606ba9bc49b57370310d787b",
                "shasum": ""
            },
            "require": {
                "facebook/difflib": "^1.0.0",
                "facebook/hh-clilib": "^2.0.0",
                "hhvm": "^4.1",
                "hhvm/hhvm-autoload": "^2.0.4",
                "hhvm/hsl": "^4.0",
                "hhvm/type-assert": "^3.1"
            },
            "require-dev": {
                "facebook/fbexpect": "^2.1.1",
                "facebook/hack-codegen": "^4.0",
                "hhvm/hacktest": "^1.3"
            },
            "bin": [
                "bin/hhast-lint",
                "bin/hhast-lint.hack",
                "bin/hhast-inspect",
                "bin/hhast-inspect.hack",
                "bin/hhast-migrate",
                "bin/hhast-migrate.hack"
            ],
            "type": "library",
            "extra": {
                "branch-alias": {
                    "dev-master": "4.x-dev"
                }
            },
            "notification-url": "https://packagist.org/downloads/",
            "license": [
                "MIT"
            ],
            "time": "2019-04-09T19:30:22+00:00"
        },
        {
            "name": "hhvm/hsl-experimental",
            "version": "v4.1.0",
            "source": {
                "type": "git",
                "url": "https://github.com/hhvm/hsl-experimental.git",
                "reference": "0e629c38fa1e65d5927103e3d7edd064e89c7d08"
            },
            "dist": {
                "type": "zip",
                "url": "https://api.github.com/repos/hhvm/hsl-experimental/zipball/0e629c38fa1e65d5927103e3d7edd064e89c7d08",
                "reference": "0e629c38fa1e65d5927103e3d7edd064e89c7d08",
                "shasum": ""
            },
            "require": {
                "hhvm": "^4.1",
                "hhvm/hsl": "^4.1"
            },
            "require-dev": {
                "facebook/fbexpect": "^2.0",
                "hhvm/hacktest": "^1.0",
                "hhvm/hhvm-autoload": "^2.0"
            },
            "type": "library",
            "extra": {
                "branch-alias": {
                    "dev-master": "4.x-dev"
                }
            },
            "notification-url": "https://packagist.org/downloads/",
            "license": [
                "MIT"
            ],
            "description": "The Hack Standard Library - Experimental Additions",
            "time": "2019-04-09T19:18:29+00:00"
        },
        {
            "name": "hhvm/type-assert",
            "version": "v3.3.2",
            "source": {
                "type": "git",
                "url": "https://github.com/hhvm/type-assert.git",
                "reference": "92f95a5726d705d219e703ab0baa3910d7565fe9"
            },
            "dist": {
                "type": "zip",
                "url": "https://api.github.com/repos/hhvm/type-assert/zipball/92f95a5726d705d219e703ab0baa3910d7565fe9",
                "reference": "92f95a5726d705d219e703ab0baa3910d7565fe9",
                "shasum": ""
            },
            "require": {
                "hhvm": "^4.0",
                "hhvm/hsl": "^4.0"
            },
            "require-dev": {
                "facebook/fbexpect": "^2.0.0",
                "hhvm/hacktest": "^1.0",
                "hhvm/hhast": "^4.0",
                "hhvm/hhvm-autoload": "^2.0"
            },
            "type": "library",
            "extra": {
                "branch-alias": {
                    "dev-master": "3.x-dev"
                }
            },
            "notification-url": "https://packagist.org/downloads/",
            "license": [
                "MIT"
            ],
            "description": "Convert untyped data to typed data",
            "keywords": [
                "TypeAssert",
                "hack"
            ],
            "time": "2019-03-22T20:19:06+00:00"
        }
    ],
    "aliases": [],
    "minimum-stability": "stable",
    "stability-flags": [],
    "prefer-stable": false,
    "prefer-lowest": false,
    "platform": {
        "hhvm": "^4.1.0"
    },
    "platform-dev": []
}
